// !$*UTF8*$!
{
	archiveVersion = 1;
	classes = {
	};
	objectVersion = 46;
	objects = {

/* Begin PBXBuildFile section */
		11E452901F0DD10800DBD08B /* YZXCalendarModel.m in Sources */ = {isa = PBXBuildFile; fileRef = 11E4527B1F0DD10700DBD08B /* YZXCalendarModel.m */; };
		11E452911F0DD10800DBD08B /* YZXCalendarCollectionViewCell.m in Sources */ = {isa = PBXBuildFile; fileRef = 11E4527F1F0DD10700DBD08B /* YZXCalendarCollectionViewCell.m */; };
		11E452921F0DD10800DBD08B /* YZXCalendarCollectionViewCell.xib in Resources */ = {isa = PBXBuildFile; fileRef = 11E452801F0DD10700DBD08B /* YZXCalendarCollectionViewCell.xib */; };
		11E452931F0DD10800DBD08B /* YZXCalendarCollectionViewHeaderView.m in Sources */ = {isa = PBXBuildFile; fileRef = 11E452821F0DD10700DBD08B /* YZXCalendarCollectionViewHeaderView.m */; };
		11E452941F0DD10800DBD08B /* YZXCalendarCollectionViewHeaderView.xib in Resources */ = {isa = PBXBuildFile; fileRef = 11E452831F0DD10700DBD08B /* YZXCalendarCollectionViewHeaderView.xib */; };
		11E452951F0DD10800DBD08B /* YZXPlainFlowLayout.m in Sources */ = {isa = PBXBuildFile; fileRef = 11E452851F0DD10700DBD08B /* YZXPlainFlowLayout.m */; };
		11E452971F0DD10800DBD08B /* YZXCalendarHelper.m in Sources */ = {isa = PBXBuildFile; fileRef = 11E452891F0DD10800DBD08B /* YZXCalendarHelper.m */; };
		11E452981F0DD10800DBD08B /* YZXCalendarView.m in Sources */ = {isa = PBXBuildFile; fileRef = 11E4528B1F0DD10800DBD08B /* YZXCalendarView.m */; };
		11E452991F0DD10800DBD08B /* YZXDaysMenuView.m in Sources */ = {isa = PBXBuildFile; fileRef = 11E4528D1F0DD10800DBD08B /* YZXDaysMenuView.m */; };
		11E4529A1F0DD10800DBD08B /* YZXWeekMenuView.m in Sources */ = {isa = PBXBuildFile; fileRef = 11E4528F1F0DD10800DBD08B /* YZXWeekMenuView.m */; };
		11EB7D6A1F02421800CB4BD0 /* main.m in Sources */ = {isa = PBXBuildFile; fileRef = 11EB7D691F02421800CB4BD0 /* main.m */; };
		11EB7D6D1F02421800CB4BD0 /* AppDelegate.m in Sources */ = {isa = PBXBuildFile; fileRef = 11EB7D6C1F02421800CB4BD0 /* AppDelegate.m */; };
		11EB7D701F02421800CB4BD0 /* ViewController.m in Sources */ = {isa = PBXBuildFile; fileRef = 11EB7D6F1F02421800CB4BD0 /* ViewController.m */; };
		11EB7D731F02421900CB4BD0 /* Main.storyboard in Resources */ = {isa = PBXBuildFile; fileRef = 11EB7D711F02421900CB4BD0 /* Main.storyboard */; };
		11EB7D751F02421900CB4BD0 /* Assets.xcassets in Resources */ = {isa = PBXBuildFile; fileRef = 11EB7D741F02421900CB4BD0 /* Assets.xcassets */; };
		11EB7D781F02421900CB4BD0 /* LaunchScreen.storyboard in Resources */ = {isa = PBXBuildFile; fileRef = 11EB7D761F02421900CB4BD0 /* LaunchScreen.storyboard */; };
		11EB7D831F02421900CB4BD0 /* YZXCalendarTests.m in Sources */ = {isa = PBXBuildFile; fileRef = 11EB7D821F02421900CB4BD0 /* YZXCalendarTests.m */; };
		11EB7D8E1F02421900CB4BD0 /* YZXCalendarUITests.m in Sources */ = {isa = PBXBuildFile; fileRef = 11EB7D8D1F02421900CB4BD0 /* YZXCalendarUITests.m */; };
		85227210205A57DE00C4C0A8 /* UIColor+Hexadecimal.m in Sources */ = {isa = PBXBuildFile; fileRef = 8522720E205A57DD00C4C0A8 /* UIColor+Hexadecimal.m */; };
		85227217205A5A5200C4C0A8 /* YZXSelectDateViewController.m in Sources */ = {isa = PBXBuildFile; fileRef = 85227216205A5A5200C4C0A8 /* YZXSelectDateViewController.m */; };
		85227221205A5A8000C4C0A8 /* YZXMonthlyReportView.m in Sources */ = {isa = PBXBuildFile; fileRef = 85227219205A5A8000C4C0A8 /* YZXMonthlyReportView.m */; };
		85227222205A5A8000C4C0A8 /* YZXCustomDateBottomView.m in Sources */ = {isa = PBXBuildFile; fileRef = 8522721B205A5A8000C4C0A8 /* YZXCustomDateBottomView.m */; };
		85227223205A5A8000C4C0A8 /* YZXMonthTableViewHeaderView.m in Sources */ = {isa = PBXBuildFile; fileRef = 8522721E205A5A8000C4C0A8 /* YZXMonthTableViewHeaderView.m */; };
		85227224205A5A8000C4C0A8 /* YZXAnnualReportView.m in Sources */ = {isa = PBXBuildFile; fileRef = 8522721F205A5A8000C4C0A8 /* YZXAnnualReportView.m */; };
		85227229205A5B1F00C4C0A8 /* SJPageNavigationView.m in Sources */ = {isa = PBXBuildFile; fileRef = 85227228205A5B1F00C4C0A8 /* SJPageNavigationView.m */; };
		8522722F205A5DB100C4C0A8 /* YZXDateModel.m in Sources */ = {isa = PBXBuildFile; fileRef = 8522722B205A5DB100C4C0A8 /* YZXDateModel.m */; };
		85227230205A5DB100C4C0A8 /* YZXMonthModel.m in Sources */ = {isa = PBXBuildFile; fileRef = 8522722C205A5DB100C4C0A8 /* YZXMonthModel.m */; };
		85227234205A5E3000C4C0A8 /* BaseTableView.m in Sources */ = {isa = PBXBuildFile; fileRef = 85227232205A5E2F00C4C0A8 /* BaseTableView.m */; };
		96B2DA8BA75D2035637F7EBD /* libPods-YZXCalendar.a in Frameworks */ = {isa = PBXBuildFile; fileRef = 6BA38D864AAF3F31BC465A52 /* libPods-YZXCalendar.a */; };
/* End PBXBuildFile section */

/* Begin PBXContainerItemProxy section */
		11EB7D7F1F02421900CB4BD0 /* PBXContainerItemProxy */ = {
			isa = PBXContainerItemProxy;
			containerPortal = 11EB7D5D1F02421800CB4BD0 /* Project object */;
			proxyType = 1;
			remoteGlobalIDString = 11EB7D641F02421800CB4BD0;
			remoteInfo = YZXCalendar;
		};
		11EB7D8A1F02421900CB4BD0 /* PBXContainerItemProxy */ = {
			isa = PBXContainerItemProxy;
			containerPortal = 11EB7D5D1F02421800CB4BD0 /* Project object */;
			proxyType = 1;
			remoteGlobalIDString = 11EB7D641F02421800CB4BD0;
			remoteInfo = YZXCalendar;
		};
/* End PBXContainerItemProxy section */

/* Begin PBXFileReference section */
		11B1AC221F0E5DBD00DFC305 /* YZXCalendarDelegate.h */ = {isa = PBXFileReference; fileEncoding = 4; lastKnownFileType = sourcecode.c.h; path = YZXCalendarDelegate.h; sourceTree = "<group>"; };
		11E4527A1F0DD10700DBD08B /* YZXCalendarModel.h */ = {isa = PBXFileReference; fileEncoding = 4; lastKnownFileType = sourcecode.c.h; path = YZXCalendarModel.h; sourceTree = "<group>"; };
		11E4527B1F0DD10700DBD08B /* YZXCalendarModel.m */ = {isa = PBXFileReference; fileEncoding = 4; lastKnownFileType = sourcecode.c.objc; path = YZXCalendarModel.m; sourceTree = "<group>"; };
		11E4527E1F0DD10700DBD08B /* YZXCalendarCollectionViewCell.h */ = {isa = PBXFileReference; fileEncoding = 4; lastKnownFileType = sourcecode.c.h; path = YZXCalendarCollectionViewCell.h; sourceTree = "<group>"; };
		11E4527F1F0DD10700DBD08B /* YZXCalendarCollectionViewCell.m */ = {isa = PBXFileReference; fileEncoding = 4; lastKnownFileType = sourcecode.c.objc; path = YZXCalendarCollectionViewCell.m; sourceTree = "<group>"; };
		11E452801F0DD10700DBD08B /* YZXCalendarCollectionViewCell.xib */ = {isa = PBXFileReference; fileEncoding = 4; lastKnownFileType = file.xib; path = YZXCalendarCollectionViewCell.xib; sourceTree = "<group>"; };
		11E452811F0DD10700DBD08B /* YZXCalendarCollectionViewHeaderView.h */ = {isa = PBXFileReference; fileEncoding = 4; lastKnownFileType = sourcecode.c.h; path = YZXCalendarCollectionViewHeaderView.h; sourceTree = "<group>"; };
		11E452821F0DD10700DBD08B /* YZXCalendarCollectionViewHeaderView.m */ = {isa = PBXFileReference; fileEncoding = 4; lastKnownFileType = sourcecode.c.objc; path = YZXCalendarCollectionViewHeaderView.m; sourceTree = "<group>"; };
		11E452831F0DD10700DBD08B /* YZXCalendarCollectionViewHeaderView.xib */ = {isa = PBXFileReference; fileEncoding = 4; lastKnownFileType = file.xib; path = YZXCalendarCollectionViewHeaderView.xib; sourceTree = "<group>"; };
		11E452841F0DD10700DBD08B /* YZXPlainFlowLayout.h */ = {isa = PBXFileReference; fileEncoding = 4; lastKnownFileType = sourcecode.c.h; path = YZXPlainFlowLayout.h; sourceTree = "<group>"; };
		11E452851F0DD10700DBD08B /* YZXPlainFlowLayout.m */ = {isa = PBXFileReference; fileEncoding = 4; lastKnownFileType = sourcecode.c.objc; path = YZXPlainFlowLayout.m; sourceTree = "<group>"; };
		11E452881F0DD10800DBD08B /* YZXCalendarHelper.h */ = {isa = PBXFileReference; fileEncoding = 4; lastKnownFileType = sourcecode.c.h; path = YZXCalendarHelper.h; sourceTree = "<group>"; };
		11E452891F0DD10800DBD08B /* YZXCalendarHelper.m */ = {isa = PBXFileReference; fileEncoding = 4; lastKnownFileType = sourcecode.c.objc; path = YZXCalendarHelper.m; sourceTree = "<group>"; };
		11E4528A1F0DD10800DBD08B /* YZXCalendarView.h */ = {isa = PBXFileReference; fileEncoding = 4; lastKnownFileType = sourcecode.c.h; path = YZXCalendarView.h; sourceTree = "<group>"; };
		11E4528B1F0DD10800DBD08B /* YZXCalendarView.m */ = {isa = PBXFileReference; fileEncoding = 4; lastKnownFileType = sourcecode.c.objc; path = YZXCalendarView.m; sourceTree = "<group>"; };
		11E4528C1F0DD10800DBD08B /* YZXDaysMenuView.h */ = {isa = PBXFileReference; fileEncoding = 4; lastKnownFileType = sourcecode.c.h; path = YZXDaysMenuView.h; sourceTree = "<group>"; };
		11E4528D1F0DD10800DBD08B /* YZXDaysMenuView.m */ = {isa = PBXFileReference; fileEncoding = 4; lastKnownFileType = sourcecode.c.objc; path = YZXDaysMenuView.m; sourceTree = "<group>"; };
		11E4528E1F0DD10800DBD08B /* YZXWeekMenuView.h */ = {isa = PBXFileReference; fileEncoding = 4; lastKnownFileType = sourcecode.c.h; path = YZXWeekMenuView.h; sourceTree = "<group>"; };
		11E4528F1F0DD10800DBD08B /* YZXWeekMenuView.m */ = {isa = PBXFileReference; fileEncoding = 4; lastKnownFileType = sourcecode.c.objc; path = YZXWeekMenuView.m; sourceTree = "<group>"; };
		11EB7D651F02421800CB4BD0 /* YZXCalendar.app */ = {isa = PBXFileReference; explicitFileType = wrapper.application; includeInIndex = 0; path = YZXCalendar.app; sourceTree = BUILT_PRODUCTS_DIR; };
		11EB7D691F02421800CB4BD0 /* main.m */ = {isa = PBXFileReference; lastKnownFileType = sourcecode.c.objc; path = main.m; sourceTree = "<group>"; };
		11EB7D6B1F02421800CB4BD0 /* AppDelegate.h */ = {isa = PBXFileReference; lastKnownFileType = sourcecode.c.h; path = AppDelegate.h; sourceTree = "<group>"; };
		11EB7D6C1F02421800CB4BD0 /* AppDelegate.m */ = {isa = PBXFileReference; lastKnownFileType = sourcecode.c.objc; path = AppDelegate.m; sourceTree = "<group>"; };
		11EB7D6E1F02421800CB4BD0 /* ViewController.h */ = {isa = PBXFileReference; lastKnownFileType = sourcecode.c.h; path = ViewController.h; sourceTree = "<group>"; };
		11EB7D6F1F02421800CB4BD0 /* ViewController.m */ = {isa = PBXFileReference; lastKnownFileType = sourcecode.c.objc; path = ViewController.m; sourceTree = "<group>"; };
		11EB7D721F02421900CB4BD0 /* Base */ = {isa = PBXFileReference; lastKnownFileType = file.storyboard; name = Base; path = Base.lproj/Main.storyboard; sourceTree = "<group>"; };
		11EB7D741F02421900CB4BD0 /* Assets.xcassets */ = {isa = PBXFileReference; lastKnownFileType = folder.assetcatalog; path = Assets.xcassets; sourceTree = "<group>"; };
		11EB7D771F02421900CB4BD0 /* Base */ = {isa = PBXFileReference; lastKnownFileType = file.storyboard; name = Base; path = Base.lproj/LaunchScreen.storyboard; sourceTree = "<group>"; };
		11EB7D791F02421900CB4BD0 /* Info.plist */ = {isa = PBXFileReference; lastKnownFileType = text.plist.xml; path = Info.plist; sourceTree = "<group>"; };
		11EB7D7E1F02421900CB4BD0 /* YZXCalendarTests.xctest */ = {isa = PBXFileReference; explicitFileType = wrapper.cfbundle; includeInIndex = 0; path = YZXCalendarTests.xctest; sourceTree = BUILT_PRODUCTS_DIR; };
		11EB7D821F02421900CB4BD0 /* YZXCalendarTests.m */ = {isa = PBXFileReference; lastKnownFileType = sourcecode.c.objc; path = YZXCalendarTests.m; sourceTree = "<group>"; };
		11EB7D841F02421900CB4BD0 /* Info.plist */ = {isa = PBXFileReference; lastKnownFileType = text.plist.xml; path = Info.plist; sourceTree = "<group>"; };
		11EB7D891F02421900CB4BD0 /* YZXCalendarUITests.xctest */ = {isa = PBXFileReference; explicitFileType = wrapper.cfbundle; includeInIndex = 0; path = YZXCalendarUITests.xctest; sourceTree = BUILT_PRODUCTS_DIR; };
		11EB7D8D1F02421900CB4BD0 /* YZXCalendarUITests.m */ = {isa = PBXFileReference; lastKnownFileType = sourcecode.c.objc; path = YZXCalendarUITests.m; sourceTree = "<group>"; };
		11EB7D8F1F02421900CB4BD0 /* Info.plist */ = {isa = PBXFileReference; lastKnownFileType = text.plist.xml; path = Info.plist; sourceTree = "<group>"; };
		3CE0AED41A141C7AB53525F3 /* Pods-YZXCalendar.release.xcconfig */ = {isa = PBXFileReference; includeInIndex = 1; lastKnownFileType = text.xcconfig; name = "Pods-YZXCalendar.release.xcconfig"; path = "Pods/Target Support Files/Pods-YZXCalendar/Pods-YZXCalendar.release.xcconfig"; sourceTree = "<group>"; };
		6BA38D864AAF3F31BC465A52 /* libPods-YZXCalendar.a */ = {isa = PBXFileReference; explicitFileType = archive.ar; includeInIndex = 0; path = "libPods-YZXCalendar.a"; sourceTree = BUILT_PRODUCTS_DIR; };
		85227208205A54D100C4C0A8 /* YZXCalendarHeader.pch */ = {isa = PBXFileReference; lastKnownFileType = sourcecode.c.h; path = YZXCalendarHeader.pch; sourceTree = "<group>"; };
		85227209205A573100C4C0A8 /* YZXCalendarHeader.h */ = {isa = PBXFileReference; lastKnownFileType = sourcecode.c.h; path = YZXCalendarHeader.h; sourceTree = "<group>"; };
		8522720E205A57DD00C4C0A8 /* UIColor+Hexadecimal.m */ = {isa = PBXFileReference; fileEncoding = 4; lastKnownFileType = sourcecode.c.objc; path = "UIColor+Hexadecimal.m"; sourceTree = "<group>"; };
		8522720F205A57DE00C4C0A8 /* UIColor+Hexadecimal.h */ = {isa = PBXFileReference; fileEncoding = 4; lastKnownFileType = sourcecode.c.h; path = "UIColor+Hexadecimal.h"; sourceTree = "<group>"; };
		85227215205A5A5200C4C0A8 /* YZXSelectDateViewController.h */ = {isa = PBXFileReference; fileEncoding = 4; lastKnownFileType = sourcecode.c.h; path = YZXSelectDateViewController.h; sourceTree = "<group>"; };
		85227216205A5A5200C4C0A8 /* YZXSelectDateViewController.m */ = {isa = PBXFileReference; fileEncoding = 4; lastKnownFileType = sourcecode.c.objc; path = YZXSelectDateViewController.m; sourceTree = "<group>"; };
		85227219205A5A8000C4C0A8 /* YZXMonthlyReportView.m */ = {isa = PBXFileReference; fileEncoding = 4; lastKnownFileType = sourcecode.c.objc; path = YZXMonthlyReportView.m; sourceTree = "<group>"; };
		8522721A205A5A8000C4C0A8 /* YZXMonthTableViewHeaderView.h */ = {isa = PBXFileReference; fileEncoding = 4; lastKnownFileType = sourcecode.c.h; path = YZXMonthTableViewHeaderView.h; sourceTree = "<group>"; };
		8522721B205A5A8000C4C0A8 /* YZXCustomDateBottomView.m */ = {isa = PBXFileReference; fileEncoding = 4; lastKnownFileType = sourcecode.c.objc; path = YZXCustomDateBottomView.m; sourceTree = "<group>"; };
		8522721C205A5A8000C4C0A8 /* YZXAnnualReportView.h */ = {isa = PBXFileReference; fileEncoding = 4; lastKnownFileType = sourcecode.c.h; path = YZXAnnualReportView.h; sourceTree = "<group>"; };
		8522721D205A5A8000C4C0A8 /* YZXMonthlyReportView.h */ = {isa = PBXFileReference; fileEncoding = 4; lastKnownFileType = sourcecode.c.h; path = YZXMonthlyReportView.h; sourceTree = "<group>"; };
		8522721E205A5A8000C4C0A8 /* YZXMonthTableViewHeaderView.m */ = {isa = PBXFileReference; fileEncoding = 4; lastKnownFileType = sourcecode.c.objc; path = YZXMonthTableViewHeaderView.m; sourceTree = "<group>"; };
		8522721F205A5A8000C4C0A8 /* YZXAnnualReportView.m */ = {isa = PBXFileReference; fileEncoding = 4; lastKnownFileType = sourcecode.c.objc; path = YZXAnnualReportView.m; sourceTree = "<group>"; };
		85227220205A5A8000C4C0A8 /* YZXCustomDateBottomView.h */ = {isa = PBXFileReference; fileEncoding = 4; lastKnownFileType = sourcecode.c.h; path = YZXCustomDateBottomView.h; sourceTree = "<group>"; };
		85227227205A5B1F00C4C0A8 /* SJPageNavigationView.h */ = {isa = PBXFileReference; fileEncoding = 4; lastKnownFileType = sourcecode.c.h; path = SJPageNavigationView.h; sourceTree = "<group>"; };
		85227228205A5B1F00C4C0A8 /* SJPageNavigationView.m */ = {isa = PBXFileReference; fileEncoding = 4; lastKnownFileType = sourcecode.c.objc; path = SJPageNavigationView.m; sourceTree = "<group>"; };
		8522722B205A5DB100C4C0A8 /* YZXDateModel.m */ = {isa = PBXFileReference; fileEncoding = 4; lastKnownFileType = sourcecode.c.objc; path = YZXDateModel.m; sourceTree = "<group>"; };
		8522722C205A5DB100C4C0A8 /* YZXMonthModel.m */ = {isa = PBXFileReference; fileEncoding = 4; lastKnownFileType = sourcecode.c.objc; path = YZXMonthModel.m; sourceTree = "<group>"; };
		8522722D205A5DB100C4C0A8 /* YZXDateModel.h */ = {isa = PBXFileReference; fileEncoding = 4; lastKnownFileType = sourcecode.c.h; path = YZXDateModel.h; sourceTree = "<group>"; };
		8522722E205A5DB100C4C0A8 /* YZXMonthModel.h */ = {isa = PBXFileReference; fileEncoding = 4; lastKnownFileType = sourcecode.c.h; path = YZXMonthModel.h; sourceTree = "<group>"; };
		85227232205A5E2F00C4C0A8 /* BaseTableView.m */ = {isa = PBXFileReference; fileEncoding = 4; lastKnownFileType = sourcecode.c.objc; path = BaseTableView.m; sourceTree = "<group>"; };
		85227233205A5E2F00C4C0A8 /* BaseTableView.h */ = {isa = PBXFileReference; fileEncoding = 4; lastKnownFileType = sourcecode.c.h; path = BaseTableView.h; sourceTree = "<group>"; };
		8C0565A879ACB80989080A31 /* Pods-YZXCalendar.debug.xcconfig */ = {isa = PBXFileReference; includeInIndex = 1; lastKnownFileType = text.xcconfig; name = "Pods-YZXCalendar.debug.xcconfig"; path = "Pods/Target Support Files/Pods-YZXCalendar/Pods-YZXCalendar.debug.xcconfig"; sourceTree = "<group>"; };
/* End PBXFileReference section */

/* Begin PBXFrameworksBuildPhase section */
		11EB7D621F02421800CB4BD0 /* Frameworks */ = {
			isa = PBXFrameworksBuildPhase;
			buildActionMask = 2147483647;
			files = (
				96B2DA8BA75D2035637F7EBD /* libPods-YZXCalendar.a in Frameworks */,
			);
			runOnlyForDeploymentPostprocessing = 0;
		};
		11EB7D7B1F02421900CB4BD0 /* Frameworks */ = {
			isa = PBXFrameworksBuildPhase;
			buildActionMask = 2147483647;
			files = (
			);
			runOnlyForDeploymentPostprocessing = 0;
		};
		11EB7D861F02421900CB4BD0 /* Frameworks */ = {
			isa = PBXFrameworksBuildPhase;
			buildActionMask = 2147483647;
			files = (
			);
			runOnlyForDeploymentPostprocessing = 0;
		};
/* End PBXFrameworksBuildPhase section */

/* Begin PBXGroup section */
		11E452781F0DD10700DBD08B /* YZXCalendar */ = {
			isa = PBXGroup;
			children = (
				85227211205A596E00C4C0A8 /* controller */,
				85227207205A54A300C4C0A8 /* EngineeringDocuments */,
				11E452791F0DD10700DBD08B /* Model */,
				11E4527C1F0DD10700DBD08B /* Views */,
			);
			path = YZXCalendar;
			sourceTree = "<group>";
		};
		11E452791F0DD10700DBD08B /* Model */ = {
			isa = PBXGroup;
			children = (
				8522722A205A5DB100C4C0A8 /* DateSelection - 日期选择 */,
				11E4527A1F0DD10700DBD08B /* YZXCalendarModel.h */,
				11E4527B1F0DD10700DBD08B /* YZXCalendarModel.m */,
			);
			path = Model;
			sourceTree = "<group>";
		};
		11E4527C1F0DD10700DBD08B /* Views */ = {
			isa = PBXGroup;
			children = (
				85227218205A5A8000C4C0A8 /* DateSelection - 日期选择 */,
				11E4527D1F0DD10700DBD08B /* collectionView */,
				11E4528A1F0DD10800DBD08B /* YZXCalendarView.h */,
				11E4528B1F0DD10800DBD08B /* YZXCalendarView.m */,
				11E4528C1F0DD10800DBD08B /* YZXDaysMenuView.h */,
				11E4528D1F0DD10800DBD08B /* YZXDaysMenuView.m */,
				11E4528E1F0DD10800DBD08B /* YZXWeekMenuView.h */,
				11E4528F1F0DD10800DBD08B /* YZXWeekMenuView.m */,
				11B1AC221F0E5DBD00DFC305 /* YZXCalendarDelegate.h */,
			);
			path = Views;
			sourceTree = "<group>";
		};
		11E4527D1F0DD10700DBD08B /* collectionView */ = {
			isa = PBXGroup;
			children = (
				11E4527E1F0DD10700DBD08B /* YZXCalendarCollectionViewCell.h */,
				11E4527F1F0DD10700DBD08B /* YZXCalendarCollectionViewCell.m */,
				11E452801F0DD10700DBD08B /* YZXCalendarCollectionViewCell.xib */,
				11E452811F0DD10700DBD08B /* YZXCalendarCollectionViewHeaderView.h */,
				11E452821F0DD10700DBD08B /* YZXCalendarCollectionViewHeaderView.m */,
				11E452831F0DD10700DBD08B /* YZXCalendarCollectionViewHeaderView.xib */,
				11E452841F0DD10700DBD08B /* YZXPlainFlowLayout.h */,
				11E452851F0DD10700DBD08B /* YZXPlainFlowLayout.m */,
			);
			path = collectionView;
			sourceTree = "<group>";
		};
		11EB7D5C1F02421800CB4BD0 = {
			isa = PBXGroup;
			children = (
				11EB7D671F02421800CB4BD0 /* YZXCalendar */,
				11EB7D811F02421900CB4BD0 /* YZXCalendarTests */,
				11EB7D8C1F02421900CB4BD0 /* YZXCalendarUITests */,
				11EB7D661F02421800CB4BD0 /* Products */,
				6DEEB11A152D2DCBEA2F32C4 /* Pods */,
				3BFCE92E483104FC59F3916F /* Frameworks */,
			);
			sourceTree = "<group>";
		};
		11EB7D661F02421800CB4BD0 /* Products */ = {
			isa = PBXGroup;
			children = (
				11EB7D651F02421800CB4BD0 /* YZXCalendar.app */,
				11EB7D7E1F02421900CB4BD0 /* YZXCalendarTests.xctest */,
				11EB7D891F02421900CB4BD0 /* YZXCalendarUITests.xctest */,
			);
			name = Products;
			sourceTree = "<group>";
		};
		11EB7D671F02421800CB4BD0 /* YZXCalendar */ = {
			isa = PBXGroup;
			children = (
				11EB7D6B1F02421800CB4BD0 /* AppDelegate.h */,
				11EB7D6C1F02421800CB4BD0 /* AppDelegate.m */,
				11EB7D6E1F02421800CB4BD0 /* ViewController.h */,
				11EB7D6F1F02421800CB4BD0 /* ViewController.m */,
				11E452781F0DD10700DBD08B /* YZXCalendar */,
				11EB7D711F02421900CB4BD0 /* Main.storyboard */,
				11EB7D741F02421900CB4BD0 /* Assets.xcassets */,
				11EB7D761F02421900CB4BD0 /* LaunchScreen.storyboard */,
				11EB7D791F02421900CB4BD0 /* Info.plist */,
				11EB7D681F02421800CB4BD0 /* Supporting Files */,
			);
			path = YZXCalendar;
			sourceTree = "<group>";
		};
		11EB7D681F02421800CB4BD0 /* Supporting Files */ = {
			isa = PBXGroup;
			children = (
				11EB7D691F02421800CB4BD0 /* main.m */,
			);
			name = "Supporting Files";
			sourceTree = "<group>";
		};
		11EB7D811F02421900CB4BD0 /* YZXCalendarTests */ = {
			isa = PBXGroup;
			children = (
				11EB7D821F02421900CB4BD0 /* YZXCalendarTests.m */,
				11EB7D841F02421900CB4BD0 /* Info.plist */,
			);
			path = YZXCalendarTests;
			sourceTree = "<group>";
		};
		11EB7D8C1F02421900CB4BD0 /* YZXCalendarUITests */ = {
			isa = PBXGroup;
			children = (
				11EB7D8D1F02421900CB4BD0 /* YZXCalendarUITests.m */,
				11EB7D8F1F02421900CB4BD0 /* Info.plist */,
			);
			path = YZXCalendarUITests;
			sourceTree = "<group>";
		};
		3BFCE92E483104FC59F3916F /* Frameworks */ = {
			isa = PBXGroup;
			children = (
				6BA38D864AAF3F31BC465A52 /* libPods-YZXCalendar.a */,
			);
			name = Frameworks;
			sourceTree = "<group>";
		};
		6DEEB11A152D2DCBEA2F32C4 /* Pods */ = {
			isa = PBXGroup;
			children = (
				8C0565A879ACB80989080A31 /* Pods-YZXCalendar.debug.xcconfig */,
				3CE0AED41A141C7AB53525F3 /* Pods-YZXCalendar.release.xcconfig */,
			);
			name = Pods;
			sourceTree = "<group>";
		};
		85227207205A54A300C4C0A8 /* EngineeringDocuments */ = {
			isa = PBXGroup;
			children = (
				85227231205A5E2F00C4C0A8 /* Base */,
				85227225205A5B1F00C4C0A8 /* Vendor */,
				8522720A205A578000C4C0A8 /* Categroy */,
				85227208205A54D100C4C0A8 /* YZXCalendarHeader.pch */,
				85227209205A573100C4C0A8 /* YZXCalendarHeader.h */,
				11E452881F0DD10800DBD08B /* YZXCalendarHelper.h */,
				11E452891F0DD10800DBD08B /* YZXCalendarHelper.m */,
			);
			path = EngineeringDocuments;
			sourceTree = "<group>";
		};
		8522720A205A578000C4C0A8 /* Categroy */ = {
			isa = PBXGroup;
			children = (
				8522720F205A57DE00C4C0A8 /* UIColor+Hexadecimal.h */,
				8522720E205A57DD00C4C0A8 /* UIColor+Hexadecimal.m */,
			);
			path = Categroy;
			sourceTree = "<group>";
		};
		85227211205A596E00C4C0A8 /* controller */ = {
			isa = PBXGroup;
			children = (
				85227215205A5A5200C4C0A8 /* YZXSelectDateViewController.h */,
				85227216205A5A5200C4C0A8 /* YZXSelectDateViewController.m */,
			);
			path = controller;
			sourceTree = "<group>";
		};
		85227218205A5A8000C4C0A8 /* DateSelection - 日期选择 */ = {
			isa = PBXGroup;
			children = (
				8522721D205A5A8000C4C0A8 /* YZXMonthlyReportView.h */,
				85227219205A5A8000C4C0A8 /* YZXMonthlyReportView.m */,
				8522721A205A5A8000C4C0A8 /* YZXMonthTableViewHeaderView.h */,
				8522721E205A5A8000C4C0A8 /* YZXMonthTableViewHeaderView.m */,
				85227220205A5A8000C4C0A8 /* YZXCustomDateBottomView.h */,
				8522721B205A5A8000C4C0A8 /* YZXCustomDateBottomView.m */,
				8522721C205A5A8000C4C0A8 /* YZXAnnualReportView.h */,
				8522721F205A5A8000C4C0A8 /* YZXAnnualReportView.m */,
			);
			path = "DateSelection - 日期选择";
			sourceTree = "<group>";
		};
		85227225205A5B1F00C4C0A8 /* Vendor */ = {
			isa = PBXGroup;
			children = (
				85227226205A5B1F00C4C0A8 /* SJPageNavigationView */,
			);
			path = Vendor;
			sourceTree = "<group>";
		};
		85227226205A5B1F00C4C0A8 /* SJPageNavigationView */ = {
			isa = PBXGroup;
			children = (
				85227227205A5B1F00C4C0A8 /* SJPageNavigationView.h */,
				85227228205A5B1F00C4C0A8 /* SJPageNavigationView.m */,
			);
			path = SJPageNavigationView;
			sourceTree = "<group>";
		};
		8522722A205A5DB100C4C0A8 /* DateSelection - 日期选择 */ = {
			isa = PBXGroup;
			children = (
				8522722E205A5DB100C4C0A8 /* YZXMonthModel.h */,
				8522722C205A5DB100C4C0A8 /* YZXMonthModel.m */,
				8522722D205A5DB100C4C0A8 /* YZXDateModel.h */,
				8522722B205A5DB100C4C0A8 /* YZXDateModel.m */,
			);
			path = "DateSelection - 日期选择";
			sourceTree = "<group>";
		};
		85227231205A5E2F00C4C0A8 /* Base */ = {
			isa = PBXGroup;
			children = (
				85227233205A5E2F00C4C0A8 /* BaseTableView.h */,
				85227232205A5E2F00C4C0A8 /* BaseTableView.m */,
			);
			path = Base;
			sourceTree = "<group>";
		};
/* End PBXGroup section */

/* Begin PBXNativeTarget section */
		11EB7D641F02421800CB4BD0 /* YZXCalendar */ = {
			isa = PBXNativeTarget;
			buildConfigurationList = 11EB7D921F02421900CB4BD0 /* Build configuration list for PBXNativeTarget "YZXCalendar" */;
			buildPhases = (
				199B032D1B40FE7C5AA3A4AA /* [CP] Check Pods Manifest.lock */,
				11EB7D611F02421800CB4BD0 /* Sources */,
				11EB7D621F02421800CB4BD0 /* Frameworks */,
				11EB7D631F02421800CB4BD0 /* Resources */,
				83185164C26EE4FED824ADF9 /* [CP] Embed Pods Frameworks */,
				72CDD0649792B695CA2976CE /* [CP] Copy Pods Resources */,
			);
			buildRules = (
			);
			dependencies = (
			);
			name = YZXCalendar;
			productName = YZXCalendar;
			productReference = 11EB7D651F02421800CB4BD0 /* YZXCalendar.app */;
			productType = "com.apple.product-type.application";
		};
		11EB7D7D1F02421900CB4BD0 /* YZXCalendarTests */ = {
			isa = PBXNativeTarget;
			buildConfigurationList = 11EB7D951F02421900CB4BD0 /* Build configuration list for PBXNativeTarget "YZXCalendarTests" */;
			buildPhases = (
				11EB7D7A1F02421900CB4BD0 /* Sources */,
				11EB7D7B1F02421900CB4BD0 /* Frameworks */,
				11EB7D7C1F02421900CB4BD0 /* Resources */,
			);
			buildRules = (
			);
			dependencies = (
				11EB7D801F02421900CB4BD0 /* PBXTargetDependency */,
			);
			name = YZXCalendarTests;
			productName = YZXCalendarTests;
			productReference = 11EB7D7E1F02421900CB4BD0 /* YZXCalendarTests.xctest */;
			productType = "com.apple.product-type.bundle.unit-test";
		};
		11EB7D881F02421900CB4BD0 /* YZXCalendarUITests */ = {
			isa = PBXNativeTarget;
			buildConfigurationList = 11EB7D981F02421900CB4BD0 /* Build configuration list for PBXNativeTarget "YZXCalendarUITests" */;
			buildPhases = (
				11EB7D851F02421900CB4BD0 /* Sources */,
				11EB7D861F02421900CB4BD0 /* Frameworks */,
				11EB7D871F02421900CB4BD0 /* Resources */,
			);
			buildRules = (
			);
			dependencies = (
				11EB7D8B1F02421900CB4BD0 /* PBXTargetDependency */,
			);
			name = YZXCalendarUITests;
			productName = YZXCalendarUITests;
			productReference = 11EB7D891F02421900CB4BD0 /* YZXCalendarUITests.xctest */;
			productType = "com.apple.product-type.bundle.ui-testing";
		};
/* End PBXNativeTarget section */

/* Begin PBXProject section */
		11EB7D5D1F02421800CB4BD0 /* Project object */ = {
			isa = PBXProject;
			attributes = {
				LastUpgradeCheck = 0830;
				ORGANIZATIONNAME = "尹星";
				TargetAttributes = {
					11EB7D641F02421800CB4BD0 = {
						CreatedOnToolsVersion = 8.3.2;
						DevelopmentTeam = TY93B32LV3;
						ProvisioningStyle = Automatic;
					};
					11EB7D7D1F02421900CB4BD0 = {
						CreatedOnToolsVersion = 8.3.2;
						ProvisioningStyle = Automatic;
						TestTargetID = 11EB7D641F02421800CB4BD0;
					};
					11EB7D881F02421900CB4BD0 = {
						CreatedOnToolsVersion = 8.3.2;
						ProvisioningStyle = Automatic;
						TestTargetID = 11EB7D641F02421800CB4BD0;
					};
				};
			};
			buildConfigurationList = 11EB7D601F02421800CB4BD0 /* Build configuration list for PBXProject "YZXCalendar" */;
			compatibilityVersion = "Xcode 3.2";
			developmentRegion = English;
			hasScannedForEncodings = 0;
			knownRegions = (
				en,
				Base,
			);
			mainGroup = 11EB7D5C1F02421800CB4BD0;
			productRefGroup = 11EB7D661F02421800CB4BD0 /* Products */;
			projectDirPath = "";
			projectRoot = "";
			targets = (
				11EB7D641F02421800CB4BD0 /* YZXCalendar */,
				11EB7D7D1F02421900CB4BD0 /* YZXCalendarTests */,
				11EB7D881F02421900CB4BD0 /* YZXCalendarUITests */,
			);
		};
/* End PBXProject section */

/* Begin PBXResourcesBuildPhase section */
		11EB7D631F02421800CB4BD0 /* Resources */ = {
			isa = PBXResourcesBuildPhase;
			buildActionMask = 2147483647;
			files = (
				11EB7D781F02421900CB4BD0 /* LaunchScreen.storyboard in Resources */,
				11EB7D751F02421900CB4BD0 /* Assets.xcassets in Resources */,
				11E452921F0DD10800DBD08B /* YZXCalendarCollectionViewCell.xib in Resources */,
				11EB7D731F02421900CB4BD0 /* Main.storyboard in Resources */,
				11E452941F0DD10800DBD08B /* YZXCalendarCollectionViewHeaderView.xib in Resources */,
			);
			runOnlyForDeploymentPostprocessing = 0;
		};
		11EB7D7C1F02421900CB4BD0 /* Resources */ = {
			isa = PBXResourcesBuildPhase;
			buildActionMask = 2147483647;
			files = (
			);
			runOnlyForDeploymentPostprocessing = 0;
		};
		11EB7D871F02421900CB4BD0 /* Resources */ = {
			isa = PBXResourcesBuildPhase;
			buildActionMask = 2147483647;
			files = (
			);
			runOnlyForDeploymentPostprocessing = 0;
		};
/* End PBXResourcesBuildPhase section */

/* Begin PBXShellScriptBuildPhase section */
		199B032D1B40FE7C5AA3A4AA /* [CP] Check Pods Manifest.lock */ = {
			isa = PBXShellScriptBuildPhase;
			buildActionMask = 2147483647;
			files = (
			);
			inputPaths = (
				"${PODS_PODFILE_DIR_PATH}/Podfile.lock",
				"${PODS_ROOT}/Manifest.lock",
			);
			name = "[CP] Check Pods Manifest.lock";
			outputPaths = (
				"$(DERIVED_FILE_DIR)/Pods-YZXCalendar-checkManifestLockResult.txt",
			);
			runOnlyForDeploymentPostprocessing = 0;
			shellPath = /bin/sh;
			shellScript = "diff \"${PODS_PODFILE_DIR_PATH}/Podfile.lock\" \"${PODS_ROOT}/Manifest.lock\" > /dev/null\nif [ $? != 0 ] ; then\n    # print error to STDERR\n    echo \"error: The sandbox is not in sync with the Podfile.lock. Run 'pod install' or update your CocoaPods installation.\" >&2\n    exit 1\nfi\n# This output is used by Xcode 'outputs' to avoid re-running this script phase.\necho \"SUCCESS\" > \"${SCRIPT_OUTPUT_FILE_0}\"\n";
			showEnvVarsInLog = 0;
		};
		72CDD0649792B695CA2976CE /* [CP] Copy Pods Resources */ = {
			isa = PBXShellScriptBuildPhase;
			buildActionMask = 2147483647;
			files = (
			);
			inputPaths = (
				"${SRCROOT}/Pods/Target Support Files/Pods-YZXCalendar/Pods-YZXCalendar-resources.sh",
				"${PODS_CONFIGURATION_BUILD_DIR}/JSBadgeView/JSBadgeView.bundle",
			);
			name = "[CP] Copy Pods Resources";
			outputPaths = (
				"${TARGET_BUILD_DIR}/${UNLOCALIZED_RESOURCES_FOLDER_PATH}/JSBadgeView.bundle",
			);
			runOnlyForDeploymentPostprocessing = 0;
			shellPath = /bin/sh;
			shellScript = "\"${SRCROOT}/Pods/Target Support Files/Pods-YZXCalendar/Pods-YZXCalendar-resources.sh\"\n";
			showEnvVarsInLog = 0;
		};
		83185164C26EE4FED824ADF9 /* [CP] Embed Pods Frameworks */ = {
			isa = PBXShellScriptBuildPhase;
			buildActionMask = 2147483647;
			files = (
			);
			inputPaths = (
			);
			name = "[CP] Embed Pods Frameworks";
			outputPaths = (
			);
			runOnlyForDeploymentPostprocessing = 0;
			shellPath = /bin/sh;
			shellScript = "\"${SRCROOT}/Pods/Target Support Files/Pods-YZXCalendar/Pods-YZXCalendar-frameworks.sh\"\n";
			showEnvVarsInLog = 0;
		};
/* End PBXShellScriptBuildPhase section */

/* Begin PBXSourcesBuildPhase section */
		11EB7D611F02421800CB4BD0 /* Sources */ = {
			isa = PBXSourcesBuildPhase;
			buildActionMask = 2147483647;
			files = (
				11E452931F0DD10800DBD08B /* YZXCalendarCollectionViewHeaderView.m in Sources */,
				85227217205A5A5200C4C0A8 /* YZXSelectDateViewController.m in Sources */,
				11EB7D701F02421800CB4BD0 /* ViewController.m in Sources */,
				85227224205A5A8000C4C0A8 /* YZXAnnualReportView.m in Sources */,
				11E452971F0DD10800DBD08B /* YZXCalendarHelper.m in Sources */,
				11EB7D6D1F02421800CB4BD0 /* AppDelegate.m in Sources */,
				85227234205A5E3000C4C0A8 /* BaseTableView.m in Sources */,
				11EB7D6A1F02421800CB4BD0 /* main.m in Sources */,
				85227230205A5DB100C4C0A8 /* YZXMonthModel.m in Sources */,
				11E452901F0DD10800DBD08B /* YZXCalendarModel.m in Sources */,
				85227223205A5A8000C4C0A8 /* YZXMonthTableViewHeaderView.m in Sources */,
				11E452991F0DD10800DBD08B /* YZXDaysMenuView.m in Sources */,
				85227222205A5A8000C4C0A8 /* YZXCustomDateBottomView.m in Sources */,
				11E452951F0DD10800DBD08B /* YZXPlainFlowLayout.m in Sources */,
				85227229205A5B1F00C4C0A8 /* SJPageNavigationView.m in Sources */,
				85227210205A57DE00C4C0A8 /* UIColor+Hexadecimal.m in Sources */,
				11E452981F0DD10800DBD08B /* YZXCalendarView.m in Sources */,
				8522722F205A5DB100C4C0A8 /* YZXDateModel.m in Sources */,
				11E452911F0DD10800DBD08B /* YZXCalendarCollectionViewCell.m in Sources */,
				11E4529A1F0DD10800DBD08B /* YZXWeekMenuView.m in Sources */,
				85227221205A5A8000C4C0A8 /* YZXMonthlyReportView.m in Sources */,
			);
			runOnlyForDeploymentPostprocessing = 0;
		};
		11EB7D7A1F02421900CB4BD0 /* Sources */ = {
			isa = PBXSourcesBuildPhase;
			buildActionMask = 2147483647;
			files = (
				11EB7D831F02421900CB4BD0 /* YZXCalendarTests.m in Sources */,
			);
			runOnlyForDeploymentPostprocessing = 0;
		};
		11EB7D851F02421900CB4BD0 /* Sources */ = {
			isa = PBXSourcesBuildPhase;
			buildActionMask = 2147483647;
			files = (
				11EB7D8E1F02421900CB4BD0 /* YZXCalendarUITests.m in Sources */,
			);
			runOnlyForDeploymentPostprocessing = 0;
		};
/* End PBXSourcesBuildPhase section */

/* Begin PBXTargetDependency section */
		11EB7D801F02421900CB4BD0 /* PBXTargetDependency */ = {
			isa = PBXTargetDependency;
			target = 11EB7D641F02421800CB4BD0 /* YZXCalendar */;
			targetProxy = 11EB7D7F1F02421900CB4BD0 /* PBXContainerItemProxy */;
		};
		11EB7D8B1F02421900CB4BD0 /* PBXTargetDependency */ = {
			isa = PBXTargetDependency;
			target = 11EB7D641F02421800CB4BD0 /* YZXCalendar */;
			targetProxy = 11EB7D8A1F02421900CB4BD0 /* PBXContainerItemProxy */;
		};
/* End PBXTargetDependency section */

/* Begin PBXVariantGroup section */
		11EB7D711F02421900CB4BD0 /* Main.storyboard */ = {
			isa = PBXVariantGroup;
			children = (
				11EB7D721F02421900CB4BD0 /* Base */,
			);
			name = Main.storyboard;
			sourceTree = "<group>";
		};
		11EB7D761F02421900CB4BD0 /* LaunchScreen.storyboard */ = {
			isa = PBXVariantGroup;
			children = (
				11EB7D771F02421900CB4BD0 /* Base */,
			);
			name = LaunchScreen.storyboard;
			sourceTree = "<group>";
		};
/* End PBXVariantGroup section */

/* Begin XCBuildConfiguration section */
		11EB7D901F02421900CB4BD0 /* Debug */ = {
			isa = XCBuildConfiguration;
			buildSettings = {
				ALWAYS_SEARCH_USER_PATHS = NO;
				CLANG_ANALYZER_NONNULL = YES;
				CLANG_ANALYZER_NUMBER_OBJECT_CONVERSION = YES_AGGRESSIVE;
				CLANG_CXX_LANGUAGE_STANDARD = "gnu++0x";
				CLANG_CXX_LIBRARY = "libc++";
				CLANG_ENABLE_MODULES = YES;
				CLANG_ENABLE_OBJC_ARC = YES;
				CLANG_WARN_BOOL_CONVERSION = YES;
				CLANG_WARN_CONSTANT_CONVERSION = YES;
				CLANG_WARN_DIRECT_OBJC_ISA_USAGE = YES_ERROR;
				CLANG_WARN_DOCUMENTATION_COMMENTS = YES;
				CLANG_WARN_EMPTY_BODY = YES;
				CLANG_WARN_ENUM_CONVERSION = YES;
				CLANG_WARN_INFINITE_RECURSION = YES;
				CLANG_WARN_INT_CONVERSION = YES;
				CLANG_WARN_OBJC_ROOT_CLASS = YES_ERROR;
				CLANG_WARN_SUSPICIOUS_MOVE = YES;
				CLANG_WARN_UNREACHABLE_CODE = YES;
				CLANG_WARN__DUPLICATE_METHOD_MATCH = YES;
				"CODE_SIGN_IDENTITY[sdk=iphoneos*]" = "iPhone Developer";
				COPY_PHASE_STRIP = NO;
				DEBUG_INFORMATION_FORMAT = dwarf;
				ENABLE_STRICT_OBJC_MSGSEND = YES;
				ENABLE_TESTABILITY = YES;
				GCC_C_LANGUAGE_STANDARD = gnu99;
				GCC_DYNAMIC_NO_PIC = NO;
				GCC_NO_COMMON_BLOCKS = YES;
				GCC_OPTIMIZATION_LEVEL = 0;
				GCC_PREPROCESSOR_DEFINITIONS = (
					"DEBUG=1",
					"$(inherited)",
				);
				GCC_WARN_64_TO_32_BIT_CONVERSION = YES;
				GCC_WARN_ABOUT_RETURN_TYPE = YES_ERROR;
				GCC_WARN_UNDECLARED_SELECTOR = YES;
				GCC_WARN_UNINITIALIZED_AUTOS = YES_AGGRESSIVE;
				GCC_WARN_UNUSED_FUNCTION = YES;
				GCC_WARN_UNUSED_VARIABLE = YES;
				IPHONEOS_DEPLOYMENT_TARGET = 10.3;
				MTL_ENABLE_DEBUG_INFO = YES;
				ONLY_ACTIVE_ARCH = YES;
				SDKROOT = iphoneos;
			};
			name = Debug;
		};
		11EB7D911F02421900CB4BD0 /* Release */ = {
			isa = XCBuildConfiguration;
			buildSettings = {
				ALWAYS_SEARCH_USER_PATHS = NO;
				CLANG_ANALYZER_NONNULL = YES;
				CLANG_ANALYZER_NUMBER_OBJECT_CONVERSION = YES_AGGRESSIVE;
				CLANG_CXX_LANGUAGE_STANDARD = "gnu++0x";
				CLANG_CXX_LIBRARY = "libc++";
				CLANG_ENABLE_MODULES = YES;
				CLANG_ENABLE_OBJC_ARC = YES;
				CLANG_WARN_BOOL_CONVERSION = YES;
				CLANG_WARN_CONSTANT_CONVERSION = YES;
				CLANG_WARN_DIRECT_OBJC_ISA_USAGE = YES_ERROR;
				CLANG_WARN_DOCUMENTATION_COMMENTS = YES;
				CLANG_WARN_EMPTY_BODY = YES;
				CLANG_WARN_ENUM_CONVERSION = YES;
				CLANG_WARN_INFINITE_RECURSION = YES;
				CLANG_WARN_INT_CONVERSION = YES;
				CLANG_WARN_OBJC_ROOT_CLASS = YES_ERROR;
				CLANG_WARN_SUSPICIOUS_MOVE = YES;
				CLANG_WARN_UNREACHABLE_CODE = YES;
				CLANG_WARN__DUPLICATE_METHOD_MATCH = YES;
				"CODE_SIGN_IDENTITY[sdk=iphoneos*]" = "iPhone Developer";
				COPY_PHASE_STRIP = NO;
				DEBUG_INFORMATION_FORMAT = "dwarf-with-dsym";
				ENABLE_NS_ASSERTIONS = NO;
				ENABLE_STRICT_OBJC_MSGSEND = YES;
				GCC_C_LANGUAGE_STANDARD = gnu99;
				GCC_NO_COMMON_BLOCKS = YES;
				GCC_WARN_64_TO_32_BIT_CONVERSION = YES;
				GCC_WARN_ABOUT_RETURN_TYPE = YES_ERROR;
				GCC_WARN_UNDECLARED_SELECTOR = YES;
				GCC_WARN_UNINITIALIZED_AUTOS = YES_AGGRESSIVE;
				GCC_WARN_UNUSED_FUNCTION = YES;
				GCC_WARN_UNUSED_VARIABLE = YES;
				IPHONEOS_DEPLOYMENT_TARGET = 10.3;
				MTL_ENABLE_DEBUG_INFO = NO;
				SDKROOT = iphoneos;
				VALIDATE_PRODUCT = YES;
			};
			name = Release;
		};
		11EB7D931F02421900CB4BD0 /* Debug */ = {
			isa = XCBuildConfiguration;
			baseConfigurationReference = 8C0565A879ACB80989080A31 /* Pods-YZXCalendar.debug.xcconfig */;
			buildSettings = {
				ASSETCATALOG_COMPILER_APPICON_NAME = AppIcon;
				"CODE_SIGN_IDENTITY[sdk=iphoneos*]" = "iPhone Developer";
				CODE_SIGN_STYLE = Automatic;
				DEVELOPMENT_TEAM = TY93B32LV3;
				GCC_PRECOMPILE_PREFIX_HEADER = YES;
				GCC_PREFIX_HEADER = "$(SRCROOT)/YZXCalendar/YZXCalendar/EngineeringDocuments/YZXCalendarHeader.pch";
				INFOPLIST_FILE = YZXCalendar/Info.plist;
				IPHONEOS_DEPLOYMENT_TARGET = 9.1;
				LD_RUNPATH_SEARCH_PATHS = "$(inherited) @executable_path/Frameworks";
				PRODUCT_BUNDLE_IDENTIFIER = com.calendar.test;
				PRODUCT_NAME = "$(TARGET_NAME)";
				PROVISIONING_PROFILE_SPECIFIER = "";
			};
			name = Debug;
		};
		11EB7D941F02421900CB4BD0 /* Release */ = {
			isa = XCBuildConfiguration;
			baseConfigurationReference = 3CE0AED41A141C7AB53525F3 /* Pods-YZXCalendar.release.xcconfig */;
			buildSettings = {
				ASSETCATALOG_COMPILER_APPICON_NAME = AppIcon;
				"CODE_SIGN_IDENTITY[sdk=iphoneos*]" = "iPhone Developer";
				CODE_SIGN_STYLE = Automatic;
				DEVELOPMENT_TEAM = TY93B32LV3;
				GCC_PRECOMPILE_PREFIX_HEADER = YES;
				GCC_PREFIX_HEADER = "$(SRCROOT)/YZXCalendar/YZXCalendar/EngineeringDocuments/YZXCalendarHeader.pch";
				INFOPLIST_FILE = YZXCalendar/Info.plist;
				IPHONEOS_DEPLOYMENT_TARGET = 9.1;
				LD_RUNPATH_SEARCH_PATHS = "$(inherited) @executable_path/Frameworks";
				PRODUCT_BUNDLE_IDENTIFIER = com.calendar.test;
				PRODUCT_NAME = "$(TARGET_NAME)";
				PROVISIONING_PROFILE_SPECIFIER = "";
			};
			name = Release;
		};
		11EB7D961F02421900CB4BD0 /* Debug */ = {
			isa = XCBuildConfiguration;
			buildSettings = {
				BUNDLE_LOADER = "$(TEST_HOST)";
				INFOPLIST_FILE = YZXCalendarTests/Info.plist;
				LD_RUNPATH_SEARCH_PATHS = "$(inherited) @executable_path/Frameworks @loader_path/Frameworks";
				PRODUCT_BUNDLE_IDENTIFIER = yx.YZXCalendarTests;
				PRODUCT_NAME = "$(TARGET_NAME)";
				TEST_HOST = "$(BUILT_PRODUCTS_DIR)/YZXCalendar.app/YZXCalendar";
			};
			name = Debug;
		};
		11EB7D971F02421900CB4BD0 /* Release */ = {
			isa = XCBuildConfiguration;
			buildSettings = {
				BUNDLE_LOADER = "$(TEST_HOST)";
				INFOPLIST_FILE = YZXCalendarTests/Info.plist;
				LD_RUNPATH_SEARCH_PATHS = "$(inherited) @executable_path/Frameworks @loader_path/Frameworks";
				PRODUCT_BUNDLE_IDENTIFIER = yx.YZXCalendarTests;
				PRODUCT_NAME = "$(TARGET_NAME)";
				TEST_HOST = "$(BUILT_PRODUCTS_DIR)/YZXCalendar.app/YZXCalendar";
			};
			name = Release;
		};
		11EB7D991F02421900CB4BD0 /* Debug */ = {
			isa = XCBuildConfiguration;
			buildSettings = {
				INFOPLIST_FILE = YZXCalendarUITests/Info.plist;
				LD_RUNPATH_SEARCH_PATHS = "$(inherited) @executable_path/Frameworks @loader_path/Frameworks";
				PRODUCT_BUNDLE_IDENTIFIER = yx.YZXCalendarUITests;
				PRODUCT_NAME = "$(TARGET_NAME)";
				TEST_TARGET_NAME = YZXCalendar;
			};
			name = Debug;
		};
		11EB7D9A1F02421900CB4BD0 /* Release */ = {
			isa = XCBuildConfiguration;
			buildSettings = {
				INFOPLIST_FILE = YZXCalendarUITests/Info.plist;
				LD_RUNPATH_SEARCH_PATHS = "$(inherited) @executable_path/Frameworks @loader_path/Frameworks";
				PRODUCT_BUNDLE_IDENTIFIER = yx.YZXCalendarUITests;
				PRODUCT_NAME = "$(TARGET_NAME)";
				TEST_TARGET_NAME = YZXCalendar;
			};
			name = Release;
		};
/* End XCBuildConfiguration section */

/* Begin XCConfigurationList section */
		11EB7D601F02421800CB4BD0 /* Build configuration list for PBXProject "YZXCalendar" */ = {
			isa = XCConfigurationList;
			buildConfigurations = (
				11EB7D901F02421900CB4BD0 /* Debug */,
				11EB7D911F02421900CB4BD0 /* Release */,
			);
			defaultConfigurationIsVisible = 0;
			defaultConfigurationName = Release;
		};
		11EB7D921F02421900CB4BD0 /* Build configuration list for PBXNativeTarget "YZXCalendar" */ = {
			isa = XCConfigurationList;
			buildConfigurations = (
				11EB7D931F02421900CB4BD0 /* Debug */,
				11EB7D941F02421900CB4BD0 /* Release */,
			);
			defaultConfigurationIsVisible = 0;
			defaultConfigurationName = Release;
		};
		11EB7D951F02421900CB4BD0 /* Build configuration list for PBXNativeTarget "YZXCalendarTests" */ = {
			isa = XCConfigurationList;
			buildConfigurations = (
				11EB7D961F02421900CB4BD0 /* Debug */,
				11EB7D971F02421900CB4BD0 /* Release */,
			);
			defaultConfigurationIsVisible = 0;
			defaultConfigurationName = Release;
		};
		11EB7D981F02421900CB4BD0 /* Build configuration list for PBXNativeTarget "YZXCalendarUITests" */ = {
			isa = XCConfigurationList;
			buildConfigurations = (
				11EB7D991F02421900CB4BD0 /* Debug */,
				11EB7D9A1F02421900CB4BD0 /* Release */,
			);
			defaultConfigurationIsVisible = 0;
			defaultConfigurationName = Release;
		};
/* End XCConfigurationList section */
	};
	rootObject = 11EB7D5D1F02421800CB4BD0 /* Project object */;
}
